Microsoft Visual Studio Solution File, Format Version 12.00
# Visual Studio Version 17
VisualStudioVersion = 17.5.2.0
MinimumVisualStudioVersion = 10.0.40219.1
Project("{FAE04EC0-301F-11D3-BF4B-00C04F79EFBC}") = "PingTool.WinUI3", "PingTool.WinUI3.csproj", "{E05B31DB-E982-A782-E00D-A452E6F511D4}"
EndProject
Global
	GlobalSection(SolutionConfigurationPlatforms) = preSolution
		Debug|Any CPU = Debug|Any CPU
		Release|Any CPU = Release|Any CPU
	EndGlobalSection
	GlobalSection(ProjectConfigurationPlatforms) = postSolution
		{E05B31DB-E982-A782-E00D-A452E6F511D4}.Debug|Any CPU.ActiveCfg = Debug|Any CPU
		{E05B31DB-E982-A782-E00D-A452E6F511D4}.Debug|Any CPU.Build.0 = Debug|Any CPU
		{E05B31DB-E982-A782-E00D-A452E6F511D4}.Release|Any CPU.ActiveCfg = Release|Any CPU
		{E05B31DB-E982-A782-E00D-A452E6F511D4}.Release|Any CPU.Build.0 = Release|Any CPU
	EndGlobalSection
	GlobalSection(SolutionProperties) = preSolution
		HideSolutionNode = FALSE
	EndGlobalSection
	GlobalSection(ExtensibilityGlobals) = postSolution
		SolutionGuid = {DA4BCE0C-1E30-4F0A-AC4D-C475E7850467}
	EndGlobalSection
EndGlobal
